
Microsoft Visual Studio Solution File, Format Version 12.00
# Visual Studio Version 17
VisualStudioVersion = 17.8.34330.188
MinimumVisualStudioVersion = 10.0.40219.1
Project("{9A19103F-16F7-4668-BE54-9A1E7A4F7556}") = "Microsoft.EntityFrameworkCore.AutoMigration", "Microsoft.EntityFrameworkCore.AutoMigration\Microsoft.EntityFrameworkCore.AutoMigration.csproj", "{2D6896A2-E208-49E8-9FFB-5850DEF626C6}"
EndProject
Project("{FAE04EC0-301F-11D3-BF4B-00C04F79EFBC}") = "Microsoft.EntityFrameworkCore.AutoMigration.Test", "Microsoft.EntityFrameworkCore.AutoMigration.Test\Microsoft.EntityFrameworkCore.AutoMigration.Test.csproj", "{10EEAD16-CD21-4651-834F-C7BB03567A3D}"
EndProject
Global
	GlobalSection(SolutionConfigurationPlatforms) = preSolution
		Debug|Any CPU = Debug|Any CPU
		Release|Any CPU = Release|Any CPU
	EndGlobalSection
	GlobalSection(ProjectConfigurationPlatforms) = postSolution
		{2D6896A2-E208-49E8-9FFB-5850DEF626C6}.Debug|Any CPU.ActiveCfg = Debug|Any CPU
		{2D6896A2-E208-49E8-9FFB-5850DEF626C6}.Debug|Any CPU.Build.0 = Debug|Any CPU
		{2D6896A2-E208-49E8-9FFB-5850DEF626C6}.Release|Any CPU.ActiveCfg = Release|Any CPU
		{2D6896A2-E208-49E8-9FFB-5850DEF626C6}.Release|Any CPU.Build.0 = Release|Any CPU
		{10EEAD16-CD21-4651-834F-C7BB03567A3D}.Debug|Any CPU.ActiveCfg = Debug|Any CPU
		{10EEAD16-CD21-4651-834F-C7BB03567A3D}.Debug|Any CPU.Build.0 = Debug|Any CPU
		{10EEAD16-CD21-4651-834F-C7BB03567A3D}.Release|Any CPU.ActiveCfg = Release|Any CPU
		{10EEAD16-CD21-4651-834F-C7BB03567A3D}.Release|Any CPU.Build.0 = Release|Any CPU
	EndGlobalSection
	GlobalSection(SolutionProperties) = preSolution
		HideSolutionNode = FALSE
	EndGlobalSection
	GlobalSection(ExtensibilityGlobals) = postSolution
		SolutionGuid = {4220A5E3-5719-45D5-BBC8-E9FCB5D561D9}
	EndGlobalSection
EndGlobal
